
Microsoft Visual Studio Solution File, Format Version 12.00
# Visual Studio Version 17
VisualStudioVersion = 17.4.33205.214
MinimumVisualStudioVersion = 10.0.40219.1
Project("{FAE04EC0-301F-11D3-BF4B-00C04F79EFBC}") = "AboutSerilog", "AboutSerilog\AboutSerilog.csproj", "{00279E60-6F52-461B-BBD2-4790D8170B5D}"
EndProject
Global
	GlobalSection(SolutionConfigurationPlatforms) = preSolution
		Debug|Any CPU = Debug|Any CPU
		Release|Any CPU = Release|Any CPU
	EndGlobalSection
	GlobalSection(ProjectConfigurationPlatforms) = postSolution
		{00279E60-6F52-461B-BBD2-4790D8170B5D}.Debug|Any CPU.ActiveCfg = Debug|Any CPU
		{00279E60-6F52-461B-BBD2-4790D8170B5D}.Debug|Any CPU.Build.0 = Debug|Any CPU
		{00279E60-6F52-461B-BBD2-4790D8170B5D}.Release|Any CPU.ActiveCfg = Release|Any CPU
		{00279E60-6F52-461B-BBD2-4790D8170B5D}.Release|Any CPU.Build.0 = Release|Any CPU
	EndGlobalSection
	GlobalSection(SolutionProperties) = preSolution
		HideSolutionNode = FALSE
	EndGlobalSection
	GlobalSection(ExtensibilityGlobals) = postSolution
		SolutionGuid = {AA1F8487-71C3-49E8-94F6-139377FBF093}
	EndGlobalSection
EndGlobal
